
Microsoft Visual Studio Solution File, Format Version 12.00
# Visual Studio Version 17
VisualStudioVersion = 17.8.34322.80
MinimumVisualStudioVersion = 15.0.26124.0
Project("{9A19103F-16F7-4668-BE54-9A1E7A4F7556}") = "BarbezDotEu.StockTwits", "BarbezDotEu.StockTwits\BarbezDotEu.StockTwits.csproj", "{0CC75BD8-A4D7-4957-B131-22567DCB73B5}"
EndProject
Project("{FAE04EC0-301F-11D3-BF4B-00C04F79EFBC}") = "BarbezDotEu.StockTwits.Tests", "BarbezDotEu.StockTwits.Tests\BarbezDotEu.StockTwits.Tests.csproj", "{6054E54B-BFBE-4856-AB61-E8D53ECE1AF2}"
EndProject
Global
	GlobalSection(SolutionConfigurationPlatforms) = preSolution
		Debug|Any CPU = Debug|Any CPU
		Debug|x64 = Debug|x64
		Debug|x86 = Debug|x86
		Release|Any CPU = Release|Any CPU
		Release|x64 = Release|x64
		Release|x86 = Release|x86
	EndGlobalSection
	GlobalSection(ProjectConfigurationPlatforms) = postSolution
		{0CC75BD8-A4D7-4957-B131-22567DCB73B5}.Debug|Any CPU.ActiveCfg = Debug|Any CPU
		{0CC75BD8-A4D7-4957-B131-22567DCB73B5}.Debug|Any CPU.Build.0 = Debug|Any CPU
		{0CC75BD8-A4D7-4957-B131-22567DCB73B5}.Debug|x64.ActiveCfg = Debug|Any CPU
		{0CC75BD8-A4D7-4957-B131-22567DCB73B5}.Debug|x64.Build.0 = Debug|Any CPU
		{0CC75BD8-A4D7-4957-B131-22567DCB73B5}.Debug|x86.ActiveCfg = Debug|Any CPU
		{0CC75BD8-A4D7-4957-B131-22567DCB73B5}.Debug|x86.Build.0 = Debug|Any CPU
		{0CC75BD8-A4D7-4957-B131-22567DCB73B5}.Release|Any CPU.ActiveCfg = Release|Any CPU
		{0CC75BD8-A4D7-4957-B131-22567DCB73B5}.Release|Any CPU.Build.0 = Release|Any CPU
		{0CC75BD8-A4D7-4957-B131-22567DCB73B5}.Release|x64.ActiveCfg = Release|Any CPU
		{0CC75BD8-A4D7-4957-B131-22567DCB73B5}.Release|x64.Build.0 = Release|Any CPU
		{0CC75BD8-A4D7-4957-B131-22567DCB73B5}.Release|x86.ActiveCfg = Release|Any CPU
		{0CC75BD8-A4D7-4957-B131-22567DCB73B5}.Release|x86.Build.0 = Release|Any CPU
		{6054E54B-BFBE-4856-AB61-E8D53ECE1AF2}.Debug|Any CPU.ActiveCfg = Debug|Any CPU
		{6054E54B-BFBE-4856-AB61-E8D53ECE1AF2}.Debug|Any CPU.Build.0 = Debug|Any CPU
		{6054E54B-BFBE-4856-AB61-E8D53ECE1AF2}.Debug|x64.ActiveCfg = Debug|Any CPU
		{6054E54B-BFBE-4856-AB61-E8D53ECE1AF2}.Debug|x64.Build.0 = Debug|Any CPU
		{6054E54B-BFBE-4856-AB61-E8D53ECE1AF2}.Debug|x86.ActiveCfg = Debug|Any CPU
		{6054E54B-BFBE-4856-AB61-E8D53ECE1AF2}.Debug|x86.Build.0 = Debug|Any CPU
		{6054E54B-BFBE-4856-AB61-E8D53ECE1AF2}.Release|Any CPU.ActiveCfg = Release|Any CPU
		{6054E54B-BFBE-4856-AB61-E8D53ECE1AF2}.Release|Any CPU.Build.0 = Release|Any CPU
		{6054E54B-BFBE-4856-AB61-E8D53ECE1AF2}.Release|x64.ActiveCfg = Release|Any CPU
		{6054E54B-BFBE-4856-AB61-E8D53ECE1AF2}.Release|x64.Build.0 = Release|Any CPU
		{6054E54B-BFBE-4856-AB61-E8D53ECE1AF2}.Release|x86.ActiveCfg = Release|Any CPU
		{6054E54B-BFBE-4856-AB61-E8D53ECE1AF2}.Release|x86.Build.0 = Release|Any CPU
	EndGlobalSection
	GlobalSection(SolutionProperties) = preSolution
		HideSolutionNode = FALSE
	EndGlobalSection
	GlobalSection(ExtensibilityGlobals) = postSolution
		SolutionGuid = {DD473E7D-43AC-44BB-BEC2-0EB657F09462}
	EndGlobalSection
EndGlobal
